<?xml version="1.0" encoding="utf-8"?>
<Project ToolsVersion="4.0" xmlns="http://schemas.microsoft.com/developer/msbuild/2003">
  <ItemGroup>
    <Filter Include="Header Files">
      <UniqueIdentifier>{93995380-89BD-4b04-88EB-625FBE52EBFB}</UniqueIdentifier>
      <Extensions>h;hh;hpp;hxx;h++;hm;inl;inc;ipp;xsd</Extensions>
    </Filter>
    <Filter Include="Resource Files">
      <UniqueIdentifier>{67DA6AB6-F800-4c08-8B7A-83BB121AAD01}</UniqueIdentifier>
      <Extensions>rc;ico;cur;bmp;dlg;rc2;rct;bin;rgs;gif;jpg;jpeg;jpe;resx;tiff;tif;png;wav;mfcribbon-ms</Extensions>
    </Filter>
    <Filter Include="Source Files">
      <UniqueIdentifier>{093735da-85fe-4010-9994-632b27764c9f}</UniqueIdentifier>
    </Filter>
  </ItemGroup>
  <ItemGroup>
    <ClCompile Include="..\..\Tirgul 6\Tirgul 6\ArrayListFiles.cpp">
      <Filter>Resource Files</Filter>
    </ClCompile>
    <ClCompile Include="..\..\Tirgul 6\Tirgul 6\DataFile.cpp">
      <Filter>Resource Files</Filter>
    </ClCompile>
    <ClCompile Include="..\..\Tirgul 6\Tirgul 6\Folder.cpp">
      <Filter>Resource Files</Filter>
    </ClCompile>
    <ClCompile Include="Implement1.cpp">
      <Filter>Source Files</Filter>
    </ClCompile>
    <ClCompile Include="AD_File.cpp" />
  </ItemGroup>
  <ItemGroup>
    <ClInclude Include="..\..\Tirgul 6\Tirgul 6\Folder.h">
      <Filter>Header Files</Filter>
    </ClInclude>
    <ClInclude Include="..\..\Tirgul 6\Tirgul 6\DataFile.h">
      <Filter>Header Files</Filter>
    </ClInclude>
    <ClInclude Include="..\..\Tirgul 6\Tirgul 6\ArrayListFiles.h">
      <Filter>Header Files</Filter>
    </ClInclude>
    <ClInclude Include="AD_File.h">
      <Filter>Header Files</Filter>
    </ClInclude>
  </ItemGroup>
  <ItemGroup>
    <Text Include="..\..\Tirgul 6\Tirgul 6\ListDataFiles.txt">
      <Filter>Resource Files</Filter>
    </Text>
  </ItemGroup>
</Project>